PODS:
  - TipTopPay (1.0.4):
    - TipTopPayNetworking
  - TipTopPayNetworking (1.0.0)

DEPENDENCIES:
  - TipTopPay (from `../sdk`)
  - TipTopPayNetworking (from `../networking`)

EXTERNAL SOURCES:
  TipTopPay:
    :path: "../sdk"
  TipTopPayNetworking:
    :path: "../networking"

SPEC CHECKSUMS:
  TipTopPay: 783f9dc12bbb0ad31f3b8fc7fbae0a34cea08242
  TipTopPayNetworking: 4cf1691550bf741920e8e81e32e194ea3dd9f6d2

PODFILE CHECKSUM: 738fced3e7ee055a37ec6d14dff1109e6d14732d

COCOAPODS: 1.13.0
